// !$*UTF8*$!
{
	archiveVersion = 1;
	classes = {
	};
	objectVersion = 56;
	objects = {

/* Begin PBXBuildFile section */
		3BB2697D2B96E0FD00080293 /* AppDelegate.swift in Sources */ = {isa = PBXBuildFile; fileRef = 3BB2697C2B96E0FD00080293 /* AppDelegate.swift */; };
		3BB2697F2B96E0FD00080293 /* SceneDelegate.swift in Sources */ = {isa = PBXBuildFile; fileRef = 3BB2697E2B96E0FD00080293 /* SceneDelegate.swift */; };
		3BB269812B96E0FD00080293 /* ViewController.swift in Sources */ = {isa = PBXBuildFile; fileRef = 3BB269802B96E0FD00080293 /* ViewController.swift */; };
		3BB269842B96E0FD00080293 /* Main.storyboard in Resources */ = {isa = PBXBuildFile; fileRef = 3BB269822B96E0FD00080293 /* Main.storyboard */; };
		3BB269862B96E0FF00080293 /* Assets.xcassets in Resources */ = {isa = PBXBuildFile; fileRef = 3BB269852B96E0FF00080293 /* Assets.xcassets */; };
		3BB269892B96E0FF00080293 /* LaunchScreen.storyboard in Resources */ = {isa = PBXBuildFile; fileRef = 3BB269872B96E0FF00080293 /* LaunchScreen.storyboard */; };
		3BB269942B96E0FF00080293 /* IncomeDistributorTests.swift in Sources */ = {isa = PBXBuildFile; fileRef = 3BB269932B96E0FF00080293 /* IncomeDistributorTests.swift */; };
		3BB2699E2B96E0FF00080293 /* IncomeDistributorUITests.swift in Sources */ = {isa = PBXBuildFile; fileRef = 3BB2699D2B96E0FF00080293 /* IncomeDistributorUITests.swift */; };
		3BB269A02B96E0FF00080293 /* IncomeDistributorUITestsLaunchTests.swift in Sources */ = {isa = PBXBuildFile; fileRef = 3BB2699F2B96E0FF00080293 /* IncomeDistributorUITestsLaunchTests.swift */; };
/* End PBXBuildFile section */

/* Begin PBXContainerItemProxy section */
		3BB269902B96E0FF00080293 /* PBXContainerItemProxy */ = {
			isa = PBXContainerItemProxy;
			containerPortal = 3BB269712B96E0FD00080293 /* Project object */;
			proxyType = 1;
			remoteGlobalIDString = 3BB269782B96E0FD00080293;
			remoteInfo = IncomeDistributor;
		};
		3BB2699A2B96E0FF00080293 /* PBXContainerItemProxy */ = {
			isa = PBXContainerItemProxy;
			containerPortal = 3BB269712B96E0FD00080293 /* Project object */;
			proxyType = 1;
			remoteGlobalIDString = 3BB269782B96E0FD00080293;
			remoteInfo = IncomeDistributor;
		};
/* End PBXContainerItemProxy section */

/* Begin PBXFileReference section */
		3BB269792B96E0FD00080293 /* IncomeDistributor.app */ = {isa = PBXFileReference; explicitFileType = wrapper.application; includeInIndex = 0; path = IncomeDistributor.app; sourceTree = BUILT_PRODUCTS_DIR; };
		3BB2697C2B96E0FD00080293 /* AppDelegate.swift */ = {isa = PBXFileReference; lastKnownFileType = sourcecode.swift; path = AppDelegate.swift; sourceTree = "<group>"; };
		3BB2697E2B96E0FD00080293 /* SceneDelegate.swift */ = {isa = PBXFileReference; lastKnownFileType = sourcecode.swift; path = SceneDelegate.swift; sourceTree = "<group>"; };
		3BB269802B96E0FD00080293 /* ViewController.swift */ = {isa = PBXFileReference; lastKnownFileType = sourcecode.swift; path = ViewController.swift; sourceTree = "<group>"; };
		3BB269832B96E0FD00080293 /* Base */ = {isa = PBXFileReference; lastKnownFileType = file.storyboard; name = Base; path = Base.lproj/Main.storyboard; sourceTree = "<group>"; };
		3BB269852B96E0FF00080293 /* Assets.xcassets */ = {isa = PBXFileReference; lastKnownFileType = folder.assetcatalog; path = Assets.xcassets; sourceTree = "<group>"; };
		3BB269882B96E0FF00080293 /* Base */ = {isa = PBXFileReference; lastKnownFileType = file.storyboard; name = Base; path = Base.lproj/LaunchScreen.storyboard; sourceTree = "<group>"; };
		3BB2698A2B96E0FF00080293 /* Info.plist */ = {isa = PBXFileReference; lastKnownFileType = text.plist.xml; path = Info.plist; sourceTree = "<group>"; };
		3BB2698F2B96E0FF00080293 /* IncomeDistributorTests.xctest */ = {isa = PBXFileReference; explicitFileType = wrapper.cfbundle; includeInIndex = 0; path = IncomeDistributorTests.xctest; sourceTree = BUILT_PRODUCTS_DIR; };
		3BB269932B96E0FF00080293 /* IncomeDistributorTests.swift */ = {isa = PBXFileReference; lastKnownFileType = sourcecode.swift; path = IncomeDistributorTests.swift; sourceTree = "<group>"; };
		3BB269992B96E0FF00080293 /* IncomeDistributorUITests.xctest */ = {isa = PBXFileReference; explicitFileType = wrapper.cfbundle; includeInIndex = 0; path = IncomeDistributorUITests.xctest; sourceTree = BUILT_PRODUCTS_DIR; };
		3BB2699D2B96E0FF00080293 /* IncomeDistributorUITests.swift */ = {isa = PBXFileReference; lastKnownFileType = sourcecode.swift; path = IncomeDistributorUITests.swift; sourceTree = "<group>"; };
		3BB2699F2B96E0FF00080293 /* IncomeDistributorUITestsLaunchTests.swift */ = {isa = PBXFileReference; lastKnownFileType = sourcecode.swift; path = IncomeDistributorUITestsLaunchTests.swift; sourceTree = "<group>"; };
/* End PBXFileReference section */

/* Begin PBXFrameworksBuildPhase section */
		3BB269762B96E0FD00080293 /* Frameworks */ = {
			isa = PBXFrameworksBuildPhase;
			buildActionMask = 2147483647;
			files = (
			);
			runOnlyForDeploymentPostprocessing = 0;
		};
		3BB2698C2B96E0FF00080293 /* Frameworks */ = {
			isa = PBXFrameworksBuildPhase;
			buildActionMask = 2147483647;
			files = (
			);
			runOnlyForDeploymentPostprocessing = 0;
		};
		3BB269962B96E0FF00080293 /* Frameworks */ = {
			isa = PBXFrameworksBuildPhase;
			buildActionMask = 2147483647;
			files = (
			);
			runOnlyForDeploymentPostprocessing = 0;
		};
/* End PBXFrameworksBuildPhase section */

/* Begin PBXGroup section */
		3BB269702B96E0FD00080293 = {
			isa = PBXGroup;
			children = (
				3BB2697B2B96E0FD00080293 /* IncomeDistributor */,
				3BB269922B96E0FF00080293 /* IncomeDistributorTests */,
				3BB2699C2B96E0FF00080293 /* IncomeDistributorUITests */,
				3BB2697A2B96E0FD00080293 /* Products */,
			);
			sourceTree = "<group>";
		};
		3BB2697A2B96E0FD00080293 /* Products */ = {
			isa = PBXGroup;
			children = (
				3BB269792B96E0FD00080293 /* IncomeDistributor.app */,
				3BB2698F2B96E0FF00080293 /* IncomeDistributorTests.xctest */,
				3BB269992B96E0FF00080293 /* IncomeDistributorUITests.xctest */,
			);
			name = Products;
			sourceTree = "<group>";
		};
		3BB2697B2B96E0FD00080293 /* IncomeDistributor */ = {
			isa = PBXGroup;
			children = (
				3BB2697C2B96E0FD00080293 /* AppDelegate.swift */,
				3BB2697E2B96E0FD00080293 /* SceneDelegate.swift */,
				3BB269802B96E0FD00080293 /* ViewController.swift */,
				3BB269822B96E0FD00080293 /* Main.storyboard */,
				3BB269852B96E0FF00080293 /* Assets.xcassets */,
				3BB269872B96E0FF00080293 /* LaunchScreen.storyboard */,
				3BB2698A2B96E0FF00080293 /* Info.plist */,
			);
			path = IncomeDistributor;
			sourceTree = "<group>";
		};
		3BB269922B96E0FF00080293 /* IncomeDistributorTests */ = {
			isa = PBXGroup;
			children = (
				3BB269932B96E0FF00080293 /* IncomeDistributorTests.swift */,
			);
			path = IncomeDistributorTests;
			sourceTree = "<group>";
		};
		3BB2699C2B96E0FF00080293 /* IncomeDistributorUITests */ = {
			isa = PBXGroup;
			children = (
				3BB2699D2B96E0FF00080293 /* IncomeDistributorUITests.swift */,
				3BB2699F2B96E0FF00080293 /* IncomeDistributorUITestsLaunchTests.swift */,
			);
			path = IncomeDistributorUITests;
			sourceTree = "<group>";
		};
/* End PBXGroup section */

/* Begin PBXNativeTarget section */
		3BB269782B96E0FD00080293 /* IncomeDistributor */ = {
			isa = PBXNativeTarget;
			buildConfigurationList = 3BB269A32B96E0FF00080293 /* Build configuration list for PBXNativeTarget "IncomeDistributor" */;
			buildPhases = (
				3BB269752B96E0FD00080293 /* Sources */,
				3BB269762B96E0FD00080293 /* Frameworks */,
				3BB269772B96E0FD00080293 /* Resources */,
			);
			buildRules = (
			);
			dependencies = (
			);
			name = IncomeDistributor;
			productName = IncomeDistributor;
			productReference = 3BB269792B96E0FD00080293 /* IncomeDistributor.app */;
			productType = "com.apple.product-type.application";
		};
		3BB2698E2B96E0FF00080293 /* IncomeDistributorTests */ = {
			isa = PBXNativeTarget;
			buildConfigurationList = 3BB269A62B96E0FF00080293 /* Build configuration list for PBXNativeTarget "IncomeDistributorTests" */;
			buildPhases = (
				3BB2698B2B96E0FF00080293 /* Sources */,
				3BB2698C2B96E0FF00080293 /* Frameworks */,
				3BB2698D2B96E0FF00080293 /* Resources */,
			);
			buildRules = (
			);
			dependencies = (
				3BB269912B96E0FF00080293 /* PBXTargetDependency */,
			);
			name = IncomeDistributorTests;
			productName = IncomeDistributorTests;
			productReference = 3BB2698F2B96E0FF00080293 /* IncomeDistributorTests.xctest */;
			productType = "com.apple.product-type.bundle.unit-test";
		};
		3BB269982B96E0FF00080293 /* IncomeDistributorUITests */ = {
			isa = PBXNativeTarget;
			buildConfigurationList = 3BB269A92B96E0FF00080293 /* Build configuration list for PBXNativeTarget "IncomeDistributorUITests" */;
			buildPhases = (
				3BB269952B96E0FF00080293 /* Sources */,
				3BB269962B96E0FF00080293 /* Frameworks */,
				3BB269972B96E0FF00080293 /* Resources */,
			);
			buildRules = (
			);
			dependencies = (
				3BB2699B2B96E0FF00080293 /* PBXTargetDependency */,
			);
			name = IncomeDistributorUITests;
			productName = IncomeDistributorUITests;
			productReference = 3BB269992B96E0FF00080293 /* IncomeDistributorUITests.xctest */;
			productType = "com.apple.product-type.bundle.ui-testing";
		};
/* End PBXNativeTarget section */

/* Begin PBXProject section */
		3BB269712B96E0FD00080293 /* Project object */ = {
			isa = PBXProject;
			attributes = {
				BuildIndependentTargetsInParallel = 1;
				LastSwiftUpdateCheck = 1520;
				LastUpgradeCheck = 1520;
				TargetAttributes = {
					3BB269782B96E0FD00080293 = {
						CreatedOnToolsVersion = 15.2;
					};
					3BB2698E2B96E0FF00080293 = {
						CreatedOnToolsVersion = 15.2;
						TestTargetID = 3BB269782B96E0FD00080293;
					};
					3BB269982B96E0FF00080293 = {
						CreatedOnToolsVersion = 15.2;
						TestTargetID = 3BB269782B96E0FD00080293;
					};
				};
			};
			buildConfigurationList = 3BB269742B96E0FD00080293 /* Build configuration list for PBXProject "IncomeDistributor" */;
			compatibilityVersion = "Xcode 14.0";
			developmentRegion = en;
			hasScannedForEncodings = 0;
			knownRegions = (
				en,
				Base,
			);
			mainGroup = 3BB269702B96E0FD00080293;
			productRefGroup = 3BB2697A2B96E0FD00080293 /* Products */;
			projectDirPath = "";
			projectRoot = "";
			targets = (
				3BB269782B96E0FD00080293 /* IncomeDistributor */,
				3BB2698E2B96E0FF00080293 /* IncomeDistributorTests */,
				3BB269982B96E0FF00080293 /* IncomeDistributorUITests */,
			);
		};
/* End PBXProject section */

/* Begin PBXResourcesBuildPhase section */
		3BB269772B96E0FD00080293 /* Resources */ = {
			isa = PBXResourcesBuildPhase;
			buildActionMask = 2147483647;
			files = (
				3BB269892B96E0FF00080293 /* LaunchScreen.storyboard in Resources */,
				3BB269862B96E0FF00080293 /* Assets.xcassets in Resources */,
				3BB269842B96E0FD00080293 /* Main.storyboard in Resources */,
			);
			runOnlyForDeploymentPostprocessing = 0;
		};
		3BB2698D2B96E0FF00080293 /* Resources */ = {
			isa = PBXResourcesBuildPhase;
			buildActionMask = 2147483647;
			files = (
			);
			runOnlyForDeploymentPostprocessing = 0;
		};
		3BB269972B96E0FF00080293 /* Resources */ = {
			isa = PBXResourcesBuildPhase;
			buildActionMask = 2147483647;
			files = (
			);
			runOnlyForDeploymentPostprocessing = 0;
		};
/* End PBXResourcesBuildPhase section */

/* Begin PBXSourcesBuildPhase section */
		3BB269752B96E0FD00080293 /* Sources */ = {
			isa = PBXSourcesBuildPhase;
			buildActionMask = 2147483647;
			files = (
				3BB269812B96E0FD00080293 /* ViewController.swift in Sources */,
				3BB2697D2B96E0FD00080293 /* AppDelegate.swift in Sources */,
				3BB2697F2B96E0FD00080293 /* SceneDelegate.swift in Sources */,
			);
			runOnlyForDeploymentPostprocessing = 0;
		};
		3BB2698B2B96E0FF00080293 /* Sources */ = {
			isa = PBXSourcesBuildPhase;
			buildActionMask = 2147483647;
			files = (
				3BB269942B96E0FF00080293 /* IncomeDistributorTests.swift in Sources */,
			);
			runOnlyForDeploymentPostprocessing = 0;
		};
		3BB269952B96E0FF00080293 /* Sources */ = {
			isa = PBXSourcesBuildPhase;
			buildActionMask = 2147483647;
			files = (
				3BB2699E2B96E0FF00080293 /* IncomeDistributorUITests.swift in Sources */,
				3BB269A02B96E0FF00080293 /* IncomeDistributorUITestsLaunchTests.swift in Sources */,
			);
			runOnlyForDeploymentPostprocessing = 0;
		};
/* End PBXSourcesBuildPhase section */

/* Begin PBXTargetDependency section */
		3BB269912B96E0FF00080293 /* PBXTargetDependency */ = {
			isa = PBXTargetDependency;
			target = 3BB269782B96E0FD00080293 /* IncomeDistributor */;
			targetProxy = 3BB269902B96E0FF00080293 /* PBXContainerItemProxy */;
		};
		3BB2699B2B96E0FF00080293 /* PBXTargetDependency */ = {
			isa = PBXTargetDependency;
			target = 3BB269782B96E0FD00080293 /* IncomeDistributor */;
			targetProxy = 3BB2699A2B96E0FF00080293 /* PBXContainerItemProxy */;
		};
/* End PBXTargetDependency section */

/* Begin PBXVariantGroup section */
		3BB269822B96E0FD00080293 /* Main.storyboard */ = {
			isa = PBXVariantGroup;
			children = (
				3BB269832B96E0FD00080293 /* Base */,
			);
			name = Main.storyboard;
			sourceTree = "<group>";
		};
		3BB269872B96E0FF00080293 /* LaunchScreen.storyboard */ = {
			isa = PBXVariantGroup;
			children = (
				3BB269882B96E0FF00080293 /* Base */,
			);
			name = LaunchScreen.storyboard;
			sourceTree = "<group>";
		};
/* End PBXVariantGroup section */

/* Begin XCBuildConfiguration section */
		3BB269A12B96E0FF00080293 /* Debug */ = {
			isa = XCBuildConfiguration;
			buildSettings = {
				ALWAYS_SEARCH_USER_PATHS = NO;
				ASSETCATALOG_COMPILER_GENERATE_SWIFT_ASSET_SYMBOL_EXTENSIONS = YES;
				CLANG_ANALYZER_NONNULL = YES;
				CLANG_ANALYZER_NUMBER_OBJECT_CONVERSION = YES_AGGRESSIVE;
				CLANG_CXX_LANGUAGE_STANDARD = "gnu++20";
				CLANG_ENABLE_MODULES = YES;
				CLANG_ENABLE_OBJC_ARC = YES;
				CLANG_ENABLE_OBJC_WEAK = YES;
				CLANG_WARN_BLOCK_CAPTURE_AUTORELEASING = YES;
				CLANG_WARN_BOOL_CONVERSION = YES;
				CLANG_WARN_COMMA = YES;
				CLANG_WARN_CONSTANT_CONVERSION = YES;
				CLANG_WARN_DEPRECATED_OBJC_IMPLEMENTATIONS = YES;
				CLANG_WARN_DIRECT_OBJC_ISA_USAGE = YES_ERROR;
				CLANG_WARN_DOCUMENTATION_COMMENTS = YES;
				CLANG_WARN_EMPTY_BODY = YES;
				CLANG_WARN_ENUM_CONVERSION = YES;
				CLANG_WARN_INFINITE_RECURSION = YES;
				CLANG_WARN_INT_CONVERSION = YES;
				CLANG_WARN_NON_LITERAL_NULL_CONVERSION = YES;
				CLANG_WARN_OBJC_IMPLICIT_RETAIN_SELF = YES;
				CLANG_WARN_OBJC_LITERAL_CONVERSION = YES;
				CLANG_WARN_OBJC_ROOT_CLASS = YES_ERROR;
				CLANG_WARN_QUOTED_INCLUDE_IN_FRAMEWORK_HEADER = YES;
				CLANG_WARN_RANGE_LOOP_ANALYSIS = YES;
				CLANG_WARN_STRICT_PROTOTYPES = YES;
				CLANG_WARN_SUSPICIOUS_MOVE = YES;
				CLANG_WARN_UNGUARDED_AVAILABILITY = YES_AGGRESSIVE;
				CLANG_WARN_UNREACHABLE_CODE = YES;
				CLANG_WARN__DUPLICATE_METHOD_MATCH = YES;
				COPY_PHASE_STRIP = NO;
				DEBUG_INFORMATION_FORMAT = dwarf;
				ENABLE_STRICT_OBJC_MSGSEND = YES;
				ENABLE_TESTABILITY = YES;
				ENABLE_USER_SCRIPT_SANDBOXING = YES;
				GCC_C_LANGUAGE_STANDARD = gnu17;
				GCC_DYNAMIC_NO_PIC = NO;
				GCC_NO_COMMON_BLOCKS = YES;
				GCC_OPTIMIZATION_LEVEL = 0;
				GCC_PREPROCESSOR_DEFINITIONS = (
					"DEBUG=1",
					"$(inherited)",
				);
				GCC_WARN_64_TO_32_BIT_CONVERSION = YES;
				GCC_WARN_ABOUT_RETURN_TYPE = YES_ERROR;
				GCC_WARN_UNDECLARED_SELECTOR = YES;
				GCC_WARN_UNINITIALIZED_AUTOS = YES_AGGRESSIVE;
				GCC_WARN_UNUSED_FUNCTION = YES;
				GCC_WARN_UNUSED_VARIABLE = YES;
				IPHONEOS_DEPLOYMENT_TARGET = 17.2;
				LOCALIZATION_PREFERS_STRING_CATALOGS = YES;
				MTL_ENABLE_DEBUG_INFO = INCLUDE_SOURCE;
				MTL_FAST_MATH = YES;
				ONLY_ACTIVE_ARCH = YES;
				SDKROOT = iphoneos;
				SWIFT_ACTIVE_COMPILATION_CONDITIONS = "DEBUG $(inherited)";
				SWIFT_OPTIMIZATION_LEVEL = "-Onone";
			};
			name = Debug;
		};
		3BB269A22B96E0FF00080293 /* Release */ = {
			isa = XCBuildConfiguration;
			buildSettings = {
				ALWAYS_SEARCH_USER_PATHS = NO;
				ASSETCATALOG_COMPILER_GENERATE_SWIFT_ASSET_SYMBOL_EXTENSIONS = YES;
				CLANG_ANALYZER_NONNULL = YES;
				CLANG_ANALYZER_NUMBER_OBJECT_CONVERSION = YES_AGGRESSIVE;
				CLANG_CXX_LANGUAGE_STANDARD = "gnu++20";
				CLANG_ENABLE_MODULES = YES;
				CLANG_ENABLE_OBJC_ARC = YES;
				CLANG_ENABLE_OBJC_WEAK = YES;
				CLANG_WARN_BLOCK_CAPTURE_AUTORELEASING = YES;
				CLANG_WARN_BOOL_CONVERSION = YES;
				CLANG_WARN_COMMA = YES;
				CLANG_WARN_CONSTANT_CONVERSION = YES;
				CLANG_WARN_DEPRECATED_OBJC_IMPLEMENTATIONS = YES;
				CLANG_WARN_DIRECT_OBJC_ISA_USAGE = YES_ERROR;
				CLANG_WARN_DOCUMENTATION_COMMENTS = YES;
				CLANG_WARN_EMPTY_BODY = YES;
				CLANG_WARN_ENUM_CONVERSION = YES;
				CLANG_WARN_INFINITE_RECURSION = YES;
				CLANG_WARN_INT_CONVERSION = YES;
				CLANG_WARN_NON_LITERAL_NULL_CONVERSION = YES;
				CLANG_WARN_OBJC_IMPLICIT_RETAIN_SELF = YES;
				CLANG_WARN_OBJC_LITERAL_CONVERSION = YES;
				CLANG_WARN_OBJC_ROOT_CLASS = YES_ERROR;
				CLANG_WARN_QUOTED_INCLUDE_IN_FRAMEWORK_HEADER = YES;
				CLANG_WARN_RANGE_LOOP_ANALYSIS = YES;
				CLANG_WARN_STRICT_PROTOTYPES = YES;
				CLANG_WARN_SUSPICIOUS_MOVE = YES;
				CLANG_WARN_UNGUARDED_AVAILABILITY = YES_AGGRESSIVE;
				CLANG_WARN_UNREACHABLE_CODE = YES;
				CLANG_WARN__DUPLICATE_METHOD_MATCH = YES;
				COPY_PHASE_STRIP = NO;
				DEBUG_INFORMATION_FORMAT = "dwarf-with-dsym";
				ENABLE_NS_ASSERTIONS = NO;
				ENABLE_STRICT_OBJC_MSGSEND = YES;
				ENABLE_USER_SCRIPT_SANDBOXING = YES;
				GCC_C_LANGUAGE_STANDARD = gnu17;
				GCC_NO_COMMON_BLOCKS = YES;
				GCC_WARN_64_TO_32_BIT_CONVERSION = YES;
				GCC_WARN_ABOUT_RETURN_TYPE = YES_ERROR;
				GCC_WARN_UNDECLARED_SELECTOR = YES;
				GCC_WARN_UNINITIALIZED_AUTOS = YES_AGGRESSIVE;
				GCC_WARN_UNUSED_FUNCTION = YES;
				GCC_WARN_UNUSED_VARIABLE = YES;
				IPHONEOS_DEPLOYMENT_TARGET = 17.2;
				LOCALIZATION_PREFERS_STRING_CATALOGS = YES;
				MTL_ENABLE_DEBUG_INFO = NO;
				MTL_FAST_MATH = YES;
				SDKROOT = iphoneos;
				SWIFT_COMPILATION_MODE = wholemodule;
				VALIDATE_PRODUCT = YES;
			};
			name = Release;
		};
		3BB269A42B96E0FF00080293 /* Debug */ = {
			isa = XCBuildConfiguration;
			buildSettings = {
				ASSETCATALOG_COMPILER_APPICON_NAME = AppIcon;
				ASSETCATALOG_COMPILER_GLOBAL_ACCENT_COLOR_NAME = AccentColor;
				CODE_SIGN_STYLE = Automatic;
				CURRENT_PROJECT_VERSION = 1;
				DEVELOPMENT_TEAM = 7ZGFAWH8RN;
				GENERATE_INFOPLIST_FILE = YES;
				INFOPLIST_FILE = IncomeDistributor/Info.plist;
				INFOPLIST_KEY_UIApplicationSupportsIndirectInputEvents = YES;
				INFOPLIST_KEY_UILaunchStoryboardName = LaunchScreen;
				INFOPLIST_KEY_UIMainStoryboardFile = Main;
				INFOPLIST_KEY_UISupportedInterfaceOrientations_iPad = "UIInterfaceOrientationPortrait UIInterfaceOrientationPortraitUpsideDown UIInterfaceOrientationLandscapeLeft UIInterfaceOrientationLandscapeRight";
				INFOPLIST_KEY_UISupportedInterfaceOrientations_iPhone = "UIInterfaceOrientationPortrait UIInterfaceOrientationLandscapeLeft UIInterfaceOrientationLandscapeRight";
				LD_RUNPATH_SEARCH_PATHS = (
					"$(inherited)",
					"@executable_path/Frameworks",
				);
				MARKETING_VERSION = 1.0;
				PRODUCT_BUNDLE_IDENTIFIER = com.jellabean.IncomeDistributor;
				PRODUCT_NAME = "$(TARGET_NAME)";
				SWIFT_EMIT_LOC_STRINGS = YES;
				SWIFT_VERSION = 5.0;
				TARGETED_DEVICE_FAMILY = "1,2";
			};
			name = Debug;
		};
		3BB269A52B96E0FF00080293 /* Release */ = {
			isa = XCBuildConfiguration;
			buildSettings = {
				ASSETCATALOG_COMPILER_APPICON_NAME = AppIcon;
				ASSETCATALOG_COMPILER_GLOBAL_ACCENT_COLOR_NAME = AccentColor;
				CODE_SIGN_STYLE = Automatic;
				CURRENT_PROJECT_VERSION = 1;
				DEVELOPMENT_TEAM = 7ZGFAWH8RN;
				GENERATE_INFOPLIST_FILE = YES;
				INFOPLIST_FILE = IncomeDistributor/Info.plist;
				INFOPLIST_KEY_UIApplicationSupportsIndirectInputEvents = YES;
				INFOPLIST_KEY_UILaunchStoryboardName = LaunchScreen;
				INFOPLIST_KEY_UIMainStoryboardFile = Main;
				INFOPLIST_KEY_UISupportedInterfaceOrientations_iPad = "UIInterfaceOrientationPortrait UIInterfaceOrientationPortraitUpsideDown UIInterfaceOrientationLandscapeLeft UIInterfaceOrientationLandscapeRight";
				INFOPLIST_KEY_UISupportedInterfaceOrientations_iPhone = "UIInterfaceOrientationPortrait UIInterfaceOrientationLandscapeLeft UIInterfaceOrientationLandscapeRight";
				LD_RUNPATH_SEARCH_PATHS = (
					"$(inherited)",
					"@executable_path/Frameworks",
				);
				MARKETING_VERSION = 1.0;
				PRODUCT_BUNDLE_IDENTIFIER = com.jellabean.IncomeDistributor;
				PRODUCT_NAME = "$(TARGET_NAME)";
				SWIFT_EMIT_LOC_STRINGS = YES;
				SWIFT_VERSION = 5.0;
				TARGETED_DEVICE_FAMILY = "1,2";
			};
			name = Release;
		};
		3BB269A72B96E0FF00080293 /* Debug */ = {
			isa = XCBuildConfiguration;
			buildSettings = {
				ALWAYS_EMBED_SWIFT_STANDARD_LIBRARIES = YES;
				BUNDLE_LOADER = "$(TEST_HOST)";
				CODE_SIGN_STYLE = Automatic;
				CURRENT_PROJECT_VERSION = 1;
				DEVELOPMENT_TEAM = 7ZGFAWH8RN;
				GENERATE_INFOPLIST_FILE = YES;
				IPHONEOS_DEPLOYMENT_TARGET = 17.2;
				MARKETING_VERSION = 1.0;
				PRODUCT_BUNDLE_IDENTIFIER = com.jellabean.IncomeDistributorTests;
				PRODUCT_NAME = "$(TARGET_NAME)";
				SWIFT_EMIT_LOC_STRINGS = NO;
				SWIFT_VERSION = 5.0;
				TARGETED_DEVICE_FAMILY = "1,2";
				TEST_HOST = "$(BUILT_PRODUCTS_DIR)/IncomeDistributor.app/$(BUNDLE_EXECUTABLE_FOLDER_PATH)/IncomeDistributor";
			};
			name = Debug;
		};
		3BB269A82B96E0FF00080293 /* Release */ = {
			isa = XCBuildConfiguration;
			buildSettings = {
				ALWAYS_EMBED_SWIFT_STANDARD_LIBRARIES = YES;
				BUNDLE_LOADER = "$(TEST_HOST)";
				CODE_SIGN_STYLE = Automatic;
				CURRENT_PROJECT_VERSION = 1;
				DEVELOPMENT_TEAM = 7ZGFAWH8RN;
				GENERATE_INFOPLIST_FILE = YES;
				IPHONEOS_DEPLOYMENT_TARGET = 17.2;
				MARKETING_VERSION = 1.0;
				PRODUCT_BUNDLE_IDENTIFIER = com.jellabean.IncomeDistributorTests;
				PRODUCT_NAME = "$(TARGET_NAME)";
				SWIFT_EMIT_LOC_STRINGS = NO;
				SWIFT_VERSION = 5.0;
				TARGETED_DEVICE_FAMILY = "1,2";
				TEST_HOST = "$(BUILT_PRODUCTS_DIR)/IncomeDistributor.app/$(BUNDLE_EXECUTABLE_FOLDER_PATH)/IncomeDistributor";
			};
			name = Release;
		};
		3BB269AA2B96E0FF00080293 /* Debug */ = {
			isa = XCBuildConfiguration;
			buildSettings = {
				ALWAYS_EMBED_SWIFT_STANDARD_LIBRARIES = YES;
				CODE_SIGN_STYLE = Automatic;
				CURRENT_PROJECT_VERSION = 1;
				DEVELOPMENT_TEAM = 7ZGFAWH8RN;
				GENERATE_INFOPLIST_FILE = YES;
				MARKETING_VERSION = 1.0;
				PRODUCT_BUNDLE_IDENTIFIER = com.jellabean.IncomeDistributorUITests;
				PRODUCT_NAME = "$(TARGET_NAME)";
				SWIFT_EMIT_LOC_STRINGS = NO;
				SWIFT_VERSION = 5.0;
				TARGETED_DEVICE_FAMILY = "1,2";
				TEST_TARGET_NAME = IncomeDistributor;
			};
			name = Debug;
		};
		3BB269AB2B96E0FF00080293 /* Release */ = {
			isa = XCBuildConfiguration;
			buildSettings = {
				ALWAYS_EMBED_SWIFT_STANDARD_LIBRARIES = YES;
				CODE_SIGN_STYLE = Automatic;
				CURRENT_PROJECT_VERSION = 1;
				DEVELOPMENT_TEAM = 7ZGFAWH8RN;
				GENERATE_INFOPLIST_FILE = YES;
				MARKETING_VERSION = 1.0;
				PRODUCT_BUNDLE_IDENTIFIER = com.jellabean.IncomeDistributorUITests;
				PRODUCT_NAME = "$(TARGET_NAME)";
				SWIFT_EMIT_LOC_STRINGS = NO;
				SWIFT_VERSION = 5.0;
				TARGETED_DEVICE_FAMILY = "1,2";
				TEST_TARGET_NAME = IncomeDistributor;
			};
			name = Release;
		};
/* End XCBuildConfiguration section */

/* Begin XCConfigurationList section */
		3BB269742B96E0FD00080293 /* Build configuration list for PBXProject "IncomeDistributor" */ = {
			isa = XCConfigurationList;
			buildConfigurations = (
				3BB269A12B96E0FF00080293 /* Debug */,
				3BB269A22B96E0FF00080293 /* Release */,
			);
			defaultConfigurationIsVisible = 0;
			defaultConfigurationName = Release;
		};
		3BB269A32B96E0FF00080293 /* Build configuration list for PBXNativeTarget "IncomeDistributor" */ = {
			isa = XCConfigurationList;
			buildConfigurations = (
				3BB269A42B96E0FF00080293 /* Debug */,
				3BB269A52B96E0FF00080293 /* Release */,
			);
			defaultConfigurationIsVisible = 0;
			defaultConfigurationName = Release;
		};
		3BB269A62B96E0FF00080293 /* Build configuration list for PBXNativeTarget "IncomeDistributorTests" */ = {
			isa = XCConfigurationList;
			buildConfigurations = (
				3BB269A72B96E0FF00080293 /* Debug */,
				3BB269A82B96E0FF00080293 /* Release */,
			);
			defaultConfigurationIsVisible = 0;
			defaultConfigurationName = Release;
		};
		3BB269A92B96E0FF00080293 /* Build configuration list for PBXNativeTarget "IncomeDistributorUITests" */ = {
			isa = XCConfigurationList;
			buildConfigurations = (
				3BB269AA2B96E0FF00080293 /* Debug */,
				3BB269AB2B96E0FF00080293 /* Release */,
			);
			defaultConfigurationIsVisible = 0;
			defaultConfigurationName = Release;
		};
/* End XCConfigurationList section */
	};
	rootObject = 3BB269712B96E0FD00080293 /* Project object */;
}
